// !$*UTF8*$!
{
	archiveVersion = 1;
	classes = {
	};
	objectVersion = 56;
	objects = {

/* Begin PBXBuildFile section */
		A549FBEE296D72F70077D84C /* ChakraApp.swift in Sources */ = {isa = PBXBuildFile; fileRef = A549FBED296D72F70077D84C /* ChakraApp.swift */; };
		A549FBF0296D72F70077D84C /* ContentView.swift in Sources */ = {isa = PBXBuildFile; fileRef = A549FBEF296D72F70077D84C /* ContentView.swift */; };
		A549FBF2296D72F90077D84C /* Assets.xcassets in Resources */ = {isa = PBXBuildFile; fileRef = A549FBF1296D72F90077D84C /* Assets.xcassets */; };
		A549FBF5296D72F90077D84C /* Preview Assets.xcassets in Resources */ = {isa = PBXBuildFile; fileRef = A549FBF4296D72F90077D84C /* Preview Assets.xcassets */; };
		A549FBFC296D733E0077D84C /* Chakra.swift in Sources */ = {isa = PBXBuildFile; fileRef = A549FBFB296D733E0077D84C /* Chakra.swift */; };
		A549FBFE296D73BA0077D84C /* Datas.swift in Sources */ = {isa = PBXBuildFile; fileRef = A549FBFD296D73BA0077D84C /* Datas.swift */; };
		A549FC00296D9D5B0077D84C /* ListRowView.swift in Sources */ = {isa = PBXBuildFile; fileRef = A549FBFF296D9D5B0077D84C /* ListRowView.swift */; };
		A549FC02296DF2050077D84C /* DetailView.swift in Sources */ = {isa = PBXBuildFile; fileRef = A549FC01296DF2050077D84C /* DetailView.swift */; };
/* End PBXBuildFile section */

/* Begin PBXFileReference section */
		A549FBEA296D72F70077D84C /* Chakra.app */ = {isa = PBXFileReference; explicitFileType = wrapper.application; includeInIndex = 0; path = Chakra.app; sourceTree = BUILT_PRODUCTS_DIR; };
		A549FBED296D72F70077D84C /* ChakraApp.swift */ = {isa = PBXFileReference; lastKnownFileType = sourcecode.swift; path = ChakraApp.swift; sourceTree = "<group>"; };
		A549FBEF296D72F70077D84C /* ContentView.swift */ = {isa = PBXFileReference; lastKnownFileType = sourcecode.swift; path = ContentView.swift; sourceTree = "<group>"; };
		A549FBF1296D72F90077D84C /* Assets.xcassets */ = {isa = PBXFileReference; lastKnownFileType = folder.assetcatalog; path = Assets.xcassets; sourceTree = "<group>"; };
		A549FBF4296D72F90077D84C /* Preview Assets.xcassets */ = {isa = PBXFileReference; lastKnownFileType = folder.assetcatalog; path = "Preview Assets.xcassets"; sourceTree = "<group>"; };
		A549FBFB296D733E0077D84C /* Chakra.swift */ = {isa = PBXFileReference; lastKnownFileType = sourcecode.swift; path = Chakra.swift; sourceTree = "<group>"; };
		A549FBFD296D73BA0077D84C /* Datas.swift */ = {isa = PBXFileReference; lastKnownFileType = sourcecode.swift; path = Datas.swift; sourceTree = "<group>"; };
		A549FBFF296D9D5B0077D84C /* ListRowView.swift */ = {isa = PBXFileReference; lastKnownFileType = sourcecode.swift; path = ListRowView.swift; sourceTree = "<group>"; };
		A549FC01296DF2050077D84C /* DetailView.swift */ = {isa = PBXFileReference; lastKnownFileType = sourcecode.swift; path = DetailView.swift; sourceTree = "<group>"; };
/* End PBXFileReference section */

/* Begin PBXFrameworksBuildPhase section */
		A549FBE7296D72F70077D84C /* Frameworks */ = {
			isa = PBXFrameworksBuildPhase;
			buildActionMask = 2147483647;
			files = (
			);
			runOnlyForDeploymentPostprocessing = 0;
		};
/* End PBXFrameworksBuildPhase section */

/* Begin PBXGroup section */
		A549FBE1296D72F70077D84C = {
			isa = PBXGroup;
			children = (
				A549FBEC296D72F70077D84C /* Chakra */,
				A549FBEB296D72F70077D84C /* Products */,
			);
			sourceTree = "<group>";
		};
		A549FBEB296D72F70077D84C /* Products */ = {
			isa = PBXGroup;
			children = (
				A549FBEA296D72F70077D84C /* Chakra.app */,
			);
			name = Products;
			sourceTree = "<group>";
		};
		A549FBEC296D72F70077D84C /* Chakra */ = {
			isa = PBXGroup;
			children = (
				A549FBED296D72F70077D84C /* ChakraApp.swift */,
				A549FBEF296D72F70077D84C /* ContentView.swift */,
				A549FBF1296D72F90077D84C /* Assets.xcassets */,
				A549FBF3296D72F90077D84C /* Preview Content */,
				A549FBFB296D733E0077D84C /* Chakra.swift */,
				A549FBFD296D73BA0077D84C /* Datas.swift */,
				A549FBFF296D9D5B0077D84C /* ListRowView.swift */,
				A549FC01296DF2050077D84C /* DetailView.swift */,
			);
			path = Chakra;
			sourceTree = "<group>";
		};
		A549FBF3296D72F90077D84C /* Preview Content */ = {
			isa = PBXGroup;
			children = (
				A549FBF4296D72F90077D84C /* Preview Assets.xcassets */,
			);
			path = "Preview Content";
			sourceTree = "<group>";
		};
/* End PBXGroup section */

/* Begin PBXNativeTarget section */
		A549FBE9296D72F70077D84C /* Chakra */ = {
			isa = PBXNativeTarget;
			buildConfigurationList = A549FBF8296D72F90077D84C /* Build configuration list for PBXNativeTarget "Chakra" */;
			buildPhases = (
				A549FBE6296D72F70077D84C /* Sources */,
				A549FBE7296D72F70077D84C /* Frameworks */,
				A549FBE8296D72F70077D84C /* Resources */,
			);
			buildRules = (
			);
			dependencies = (
			);
			name = Chakra;
			productName = Chakra;
			productReference = A549FBEA296D72F70077D84C /* Chakra.app */;
			productType = "com.apple.product-type.application";
		};
/* End PBXNativeTarget section */

/* Begin PBXProject section */
		A549FBE2296D72F70077D84C /* Project object */ = {
			isa = PBXProject;
			attributes = {
				BuildIndependentTargetsInParallel = 1;
				LastSwiftUpdateCheck = 1420;
				LastUpgradeCheck = 1420;
				TargetAttributes = {
					A549FBE9296D72F70077D84C = {
						CreatedOnToolsVersion = 14.2;
					};
				};
			};
			buildConfigurationList = A549FBE5296D72F70077D84C /* Build configuration list for PBXProject "Chakra" */;
			compatibilityVersion = "Xcode 14.0";
			developmentRegion = en;
			hasScannedForEncodings = 0;
			knownRegions = (
				en,
				Base,
			);
			mainGroup = A549FBE1296D72F70077D84C;
			productRefGroup = A549FBEB296D72F70077D84C /* Products */;
			projectDirPath = "";
			projectRoot = "";
			targets = (
				A549FBE9296D72F70077D84C /* Chakra */,
			);
		};
/* End PBXProject section */

/* Begin PBXResourcesBuildPhase section */
		A549FBE8296D72F70077D84C /* Resources */ = {
			isa = PBXResourcesBuildPhase;
			buildActionMask = 2147483647;
			files = (
				A549FBF5296D72F90077D84C /* Preview Assets.xcassets in Resources */,
				A549FBF2296D72F90077D84C /* Assets.xcassets in Resources */,
			);
			runOnlyForDeploymentPostprocessing = 0;
		};
/* End PBXResourcesBuildPhase section */

/* Begin PBXSourcesBuildPhase section */
		A549FBE6296D72F70077D84C /* Sources */ = {
			isa = PBXSourcesBuildPhase;
			buildActionMask = 2147483647;
			files = (
				A549FBF0296D72F70077D84C /* ContentView.swift in Sources */,
				A549FC02296DF2050077D84C /* DetailView.swift in Sources */,
				A549FBEE296D72F70077D84C /* ChakraApp.swift in Sources */,
				A549FC00296D9D5B0077D84C /* ListRowView.swift in Sources */,
				A549FBFC296D733E0077D84C /* Chakra.swift in Sources */,
				A549FBFE296D73BA0077D84C /* Datas.swift in Sources */,
			);
			runOnlyForDeploymentPostprocessing = 0;
		};
/* End PBXSourcesBuildPhase section */

/* Begin XCBuildConfiguration section */
		A549FBF6296D72F90077D84C /* Debug */ = {
			isa = XCBuildConfiguration;
			buildSettings = {
				ALWAYS_SEARCH_USER_PATHS = NO;
				CLANG_ANALYZER_NONNULL = YES;
				CLANG_ANALYZER_NUMBER_OBJECT_CONVERSION = YES_AGGRESSIVE;
				CLANG_CXX_LANGUAGE_STANDARD = "gnu++20";
				CLANG_ENABLE_MODULES = YES;
				CLANG_ENABLE_OBJC_ARC = YES;
				CLANG_ENABLE_OBJC_WEAK = YES;
				CLANG_WARN_BLOCK_CAPTURE_AUTORELEASING = YES;
				CLANG_WARN_BOOL_CONVERSION = YES;
				CLANG_WARN_COMMA = YES;
				CLANG_WARN_CONSTANT_CONVERSION = YES;
				CLANG_WARN_DEPRECATED_OBJC_IMPLEMENTATIONS = YES;
				CLANG_WARN_DIRECT_OBJC_ISA_USAGE = YES_ERROR;
				CLANG_WARN_DOCUMENTATION_COMMENTS = YES;
				CLANG_WARN_EMPTY_BODY = YES;
				CLANG_WARN_ENUM_CONVERSION = YES;
				CLANG_WARN_INFINITE_RECURSION = YES;
				CLANG_WARN_INT_CONVERSION = YES;
				CLANG_WARN_NON_LITERAL_NULL_CONVERSION = YES;
				CLANG_WARN_OBJC_IMPLICIT_RETAIN_SELF = YES;
				CLANG_WARN_OBJC_LITERAL_CONVERSION = YES;
				CLANG_WARN_OBJC_ROOT_CLASS = YES_ERROR;
				CLANG_WARN_QUOTED_INCLUDE_IN_FRAMEWORK_HEADER = YES;
				CLANG_WARN_RANGE_LOOP_ANALYSIS = YES;
				CLANG_WARN_STRICT_PROTOTYPES = YES;
				CLANG_WARN_SUSPICIOUS_MOVE = YES;
				CLANG_WARN_UNGUARDED_AVAILABILITY = YES_AGGRESSIVE;
				CLANG_WARN_UNREACHABLE_CODE = YES;
				CLANG_WARN__DUPLICATE_METHOD_MATCH = YES;
				COPY_PHASE_STRIP = NO;
				DEBUG_INFORMATION_FORMAT = dwarf;
				ENABLE_STRICT_OBJC_MSGSEND = YES;
				ENABLE_TESTABILITY = YES;
				GCC_C_LANGUAGE_STANDARD = gnu11;
				GCC_DYNAMIC_NO_PIC = NO;
				GCC_NO_COMMON_BLOCKS = YES;
				GCC_OPTIMIZATION_LEVEL = 0;
				GCC_PREPROCESSOR_DEFINITIONS = (
					"DEBUG=1",
					"$(inherited)",
				);
				GCC_WARN_64_TO_32_BIT_CONVERSION = YES;
				GCC_WARN_ABOUT_RETURN_TYPE = YES_ERROR;
				GCC_WARN_UNDECLARED_SELECTOR = YES;
				GCC_WARN_UNINITIALIZED_AUTOS = YES_AGGRESSIVE;
				GCC_WARN_UNUSED_FUNCTION = YES;
				GCC_WARN_UNUSED_VARIABLE = YES;
				IPHONEOS_DEPLOYMENT_TARGET = 16.2;
				MTL_ENABLE_DEBUG_INFO = INCLUDE_SOURCE;
				MTL_FAST_MATH = YES;
				ONLY_ACTIVE_ARCH = YES;
				SDKROOT = iphoneos;
				SWIFT_ACTIVE_COMPILATION_CONDITIONS = DEBUG;
				SWIFT_OPTIMIZATION_LEVEL = "-Onone";
			};
			name = Debug;
		};
		A549FBF7296D72F90077D84C /* Release */ = {
			isa = XCBuildConfiguration;
			buildSettings = {
				ALWAYS_SEARCH_USER_PATHS = NO;
				CLANG_ANALYZER_NONNULL = YES;
				CLANG_ANALYZER_NUMBER_OBJECT_CONVERSION = YES_AGGRESSIVE;
				CLANG_CXX_LANGUAGE_STANDARD = "gnu++20";
				CLANG_ENABLE_MODULES = YES;
				CLANG_ENABLE_OBJC_ARC = YES;
				CLANG_ENABLE_OBJC_WEAK = YES;
				CLANG_WARN_BLOCK_CAPTURE_AUTORELEASING = YES;
				CLANG_WARN_BOOL_CONVERSION = YES;
				CLANG_WARN_COMMA = YES;
				CLANG_WARN_CONSTANT_CONVERSION = YES;
				CLANG_WARN_DEPRECATED_OBJC_IMPLEMENTATIONS = YES;
				CLANG_WARN_DIRECT_OBJC_ISA_USAGE = YES_ERROR;
				CLANG_WARN_DOCUMENTATION_COMMENTS = YES;
				CLANG_WARN_EMPTY_BODY = YES;
				CLANG_WARN_ENUM_CONVERSION = YES;
				CLANG_WARN_INFINITE_RECURSION = YES;
				CLANG_WARN_INT_CONVERSION = YES;
				CLANG_WARN_NON_LITERAL_NULL_CONVERSION = YES;
				CLANG_WARN_OBJC_IMPLICIT_RETAIN_SELF = YES;
				CLANG_WARN_OBJC_LITERAL_CONVERSION = YES;
				CLANG_WARN_OBJC_ROOT_CLASS = YES_ERROR;
				CLANG_WARN_QUOTED_INCLUDE_IN_FRAMEWORK_HEADER = YES;
				CLANG_WARN_RANGE_LOOP_ANALYSIS = YES;
				CLANG_WARN_STRICT_PROTOTYPES = YES;
				CLANG_WARN_SUSPICIOUS_MOVE = YES;
				CLANG_WARN_UNGUARDED_AVAILABILITY = YES_AGGRESSIVE;
				CLANG_WARN_UNREACHABLE_CODE = YES;
				CLANG_WARN__DUPLICATE_METHOD_MATCH = YES;
				COPY_PHASE_STRIP = NO;
				DEBUG_INFORMATION_FORMAT = "dwarf-with-dsym";
				ENABLE_NS_ASSERTIONS = NO;
				ENABLE_STRICT_OBJC_MSGSEND = YES;
				GCC_C_LANGUAGE_STANDARD = gnu11;
				GCC_NO_COMMON_BLOCKS = YES;
				GCC_WARN_64_TO_32_BIT_CONVERSION = YES;
				GCC_WARN_ABOUT_RETURN_TYPE = YES_ERROR;
				GCC_WARN_UNDECLARED_SELECTOR = YES;
				GCC_WARN_UNINITIALIZED_AUTOS = YES_AGGRESSIVE;
				GCC_WARN_UNUSED_FUNCTION = YES;
				GCC_WARN_UNUSED_VARIABLE = YES;
				IPHONEOS_DEPLOYMENT_TARGET = 16.2;
				MTL_ENABLE_DEBUG_INFO = NO;
				MTL_FAST_MATH = YES;
				SDKROOT = iphoneos;
				SWIFT_COMPILATION_MODE = wholemodule;
				SWIFT_OPTIMIZATION_LEVEL = "-O";
				VALIDATE_PRODUCT = YES;
			};
			name = Release;
		};
		A549FBF9296D72F90077D84C /* Debug */ = {
			isa = XCBuildConfiguration;
			buildSettings = {
				ASSETCATALOG_COMPILER_APPICON_NAME = AppIcon;
				ASSETCATALOG_COMPILER_GLOBAL_ACCENT_COLOR_NAME = AccentColor;
				CODE_SIGN_STYLE = Automatic;
				CURRENT_PROJECT_VERSION = 1;
				DEVELOPMENT_ASSET_PATHS = "\"Chakra/Preview Content\"";
				DEVELOPMENT_TEAM = LW327YJ489;
				ENABLE_PREVIEWS = YES;
				GENERATE_INFOPLIST_FILE = YES;
				INFOPLIST_KEY_UIApplicationSceneManifest_Generation = YES;
				INFOPLIST_KEY_UIApplicationSupportsIndirectInputEvents = YES;
				INFOPLIST_KEY_UILaunchScreen_Generation = YES;
				INFOPLIST_KEY_UISupportedInterfaceOrientations_iPad = "UIInterfaceOrientationPortrait UIInterfaceOrientationPortraitUpsideDown UIInterfaceOrientationLandscapeLeft UIInterfaceOrientationLandscapeRight";
				INFOPLIST_KEY_UISupportedInterfaceOrientations_iPhone = "UIInterfaceOrientationPortrait UIInterfaceOrientationLandscapeLeft UIInterfaceOrientationLandscapeRight";
				LD_RUNPATH_SEARCH_PATHS = (
					"$(inherited)",
					"@executable_path/Frameworks",
				);
				MARKETING_VERSION = 1.0;
				PRODUCT_BUNDLE_IDENTIFIER = com.timothy.Chakra;
				PRODUCT_NAME = "$(TARGET_NAME)";
				SWIFT_EMIT_LOC_STRINGS = YES;
				SWIFT_VERSION = 5.0;
				TARGETED_DEVICE_FAMILY = "1,2";
			};
			name = Debug;
		};
		A549FBFA296D72F90077D84C /* Release */ = {
			isa = XCBuildConfiguration;
			buildSettings = {
				ASSETCATALOG_COMPILER_APPICON_NAME = AppIcon;
				ASSETCATALOG_COMPILER_GLOBAL_ACCENT_COLOR_NAME = AccentColor;
				CODE_SIGN_STYLE = Automatic;
				CURRENT_PROJECT_VERSION = 1;
				DEVELOPMENT_ASSET_PATHS = "\"Chakra/Preview Content\"";
				DEVELOPMENT_TEAM = LW327YJ489;
				ENABLE_PREVIEWS = YES;
				GENERATE_INFOPLIST_FILE = YES;
				INFOPLIST_KEY_UIApplicationSceneManifest_Generation = YES;
				INFOPLIST_KEY_UIApplicationSupportsIndirectInputEvents = YES;
				INFOPLIST_KEY_UILaunchScreen_Generation = YES;
				INFOPLIST_KEY_UISupportedInterfaceOrientations_iPad = "UIInterfaceOrientationPortrait UIInterfaceOrientationPortraitUpsideDown UIInterfaceOrientationLandscapeLeft UIInterfaceOrientationLandscapeRight";
				INFOPLIST_KEY_UISupportedInterfaceOrientations_iPhone = "UIInterfaceOrientationPortrait UIInterfaceOrientationLandscapeLeft UIInterfaceOrientationLandscapeRight";
				LD_RUNPATH_SEARCH_PATHS = (
					"$(inherited)",
					"@executable_path/Frameworks",
				);
				MARKETING_VERSION = 1.0;
				PRODUCT_BUNDLE_IDENTIFIER = com.timothy.Chakra;
				PRODUCT_NAME = "$(TARGET_NAME)";
				SWIFT_EMIT_LOC_STRINGS = YES;
				SWIFT_VERSION = 5.0;
				TARGETED_DEVICE_FAMILY = "1,2";
			};
			name = Release;
		};
/* End XCBuildConfiguration section */

/* Begin XCConfigurationList section */
		A549FBE5296D72F70077D84C /* Build configuration list for PBXProject "Chakra" */ = {
			isa = XCConfigurationList;
			buildConfigurations = (
				A549FBF6296D72F90077D84C /* Debug */,
				A549FBF7296D72F90077D84C /* Release */,
			);
			defaultConfigurationIsVisible = 0;
			defaultConfigurationName = Release;
		};
		A549FBF8296D72F90077D84C /* Build configuration list for PBXNativeTarget "Chakra" */ = {
			isa = XCConfigurationList;
			buildConfigurations = (
				A549FBF9296D72F90077D84C /* Debug */,
				A549FBFA296D72F90077D84C /* Release */,
			);
			defaultConfigurationIsVisible = 0;
			defaultConfigurationName = Release;
		};
/* End XCConfigurationList section */
	};
	rootObject = A549FBE2296D72F70077D84C /* Project object */;
}
